
Microsoft Visual Studio Solution File, Format Version 12.00
# Visual Studio Version 16
VisualStudioVersion = 16.0.35130.168
MinimumVisualStudioVersion = 10.0.40219.1
Project("{FAE04EC0-301F-11D3-BF4B-00C04F79EFBC}") = "PSK", "src\PSK\PSK.csproj", "{C8380BFC-832F-4CC4-8BEC-4C8591BFD4F9}"
EndProject
Project("{FAE04EC0-301F-11D3-BF4B-00C04F79EFBC}") = "PSK_tests", "tests\PSK_tests\PSK_tests.csproj", "{A91D3434-6B70-4211-81AB-211E5A2E01D4}"
	ProjectSection(ProjectDependencies) = postProject
		{C8380BFC-832F-4CC4-8BEC-4C8591BFD4F9} = {C8380BFC-832F-4CC4-8BEC-4C8591BFD4F9}
	EndProjectSection
EndProject
Global
	GlobalSection(SolutionConfigurationPlatforms) = preSolution
		Debug|Any CPU = Debug|Any CPU
		Release|Any CPU = Release|Any CPU
	EndGlobalSection
	GlobalSection(ProjectConfigurationPlatforms) = postSolution
		{C8380BFC-832F-4CC4-8BEC-4C8591BFD4F9}.Debug|Any CPU.ActiveCfg = Debug|Any CPU
		{C8380BFC-832F-4CC4-8BEC-4C8591BFD4F9}.Debug|Any CPU.Build.0 = Debug|Any CPU
		{C8380BFC-832F-4CC4-8BEC-4C8591BFD4F9}.Release|Any CPU.ActiveCfg = Release|Any CPU
		{C8380BFC-832F-4CC4-8BEC-4C8591BFD4F9}.Release|Any CPU.Build.0 = Release|Any CPU
		{A91D3434-6B70-4211-81AB-211E5A2E01D4}.Debug|Any CPU.ActiveCfg = Debug|Any CPU
		{A91D3434-6B70-4211-81AB-211E5A2E01D4}.Debug|Any CPU.Build.0 = Debug|Any CPU
		{A91D3434-6B70-4211-81AB-211E5A2E01D4}.Release|Any CPU.ActiveCfg = Release|Any CPU
		{A91D3434-6B70-4211-81AB-211E5A2E01D4}.Release|Any CPU.Build.0 = Release|Any CPU
	EndGlobalSection
	GlobalSection(SolutionProperties) = preSolution
		HideSolutionNode = FALSE
	EndGlobalSection
	GlobalSection(ExtensibilityGlobals) = postSolution
		SolutionGuid = {3B05CCE8-0CBC-4F7F-AC55-86DF2B4BE86B}
	EndGlobalSection
EndGlobal
